// !$*UTF8*$!
{
	archiveVersion = 1;
	classes = {
	};
	objectVersion = 56;
	objects = {

/* Begin PBXBuildFile section */
		A85FF4772907F1EE00B7C938 /* FirebaseFirestore in Frameworks */ = {isa = PBXBuildFile; productRef = A85FF4762907F1EE00B7C938 /* FirebaseFirestore */; };
		A85FF4792907F50E00B7C938 /* Constants.swift in Sources */ = {isa = PBXBuildFile; fileRef = A85FF4782907F50E00B7C938 /* Constants.swift */; };
		A85FF47B2908183C00B7C938 /* VM_CreateProfile.swift in Sources */ = {isa = PBXBuildFile; fileRef = A85FF47A2908183C00B7C938 /* VM_CreateProfile.swift */; };
		A86311F628FD63A200CFA3EF /* SocialMediaApp.swift in Sources */ = {isa = PBXBuildFile; fileRef = A86311F528FD63A200CFA3EF /* SocialMediaApp.swift */; };
		A86311F828FD63A200CFA3EF /* ContentView.swift in Sources */ = {isa = PBXBuildFile; fileRef = A86311F728FD63A200CFA3EF /* ContentView.swift */; };
		A86311FA28FD63A500CFA3EF /* Assets.xcassets in Resources */ = {isa = PBXBuildFile; fileRef = A86311F928FD63A500CFA3EF /* Assets.xcassets */; };
		A86311FD28FD63A500CFA3EF /* Preview Assets.xcassets in Resources */ = {isa = PBXBuildFile; fileRef = A86311FC28FD63A500CFA3EF /* Preview Assets.xcassets */; };
		A863120B28FD664200CFA3EF /* ProfileView.swift in Sources */ = {isa = PBXBuildFile; fileRef = A863120A28FD664200CFA3EF /* ProfileView.swift */; };
		A86B722828FEC500000DF147 /* E_layout2.swift in Sources */ = {isa = PBXBuildFile; fileRef = A86B722728FEC500000DF147 /* E_layout2.swift */; };
		A86B722A28FEC7EF000DF147 /* E_layout3.swift in Sources */ = {isa = PBXBuildFile; fileRef = A86B722928FEC7EF000DF147 /* E_layout3.swift */; };
		A86B722D28FEF0A0000DF147 /* ExploreImageContextModifier.swift in Sources */ = {isa = PBXBuildFile; fileRef = A86B722C28FEF0A0000DF147 /* ExploreImageContextModifier.swift */; };
		A8701CEF290ABAD100A45E40 /* PostModel.swift in Sources */ = {isa = PBXBuildFile; fileRef = A8701CEE290ABAD100A45E40 /* PostModel.swift */; };
		A8701CF1290ABF4200A45E40 /* VM_CreatePostView.swift in Sources */ = {isa = PBXBuildFile; fileRef = A8701CF0290ABF4200A45E40 /* VM_CreatePostView.swift */; };
		A8724035290152DC00E58E4B /* LaunchScreen.storyboard in Resources */ = {isa = PBXBuildFile; fileRef = A8724034290152DC00E58E4B /* LaunchScreen.storyboard */; };
		A8724038290157A300E58E4B /* ContactProfileView.swift in Sources */ = {isa = PBXBuildFile; fileRef = A8724037290157A300E58E4B /* ContactProfileView.swift */; };
		A872403C290165A800E58E4B /* ChatListView.swift in Sources */ = {isa = PBXBuildFile; fileRef = A872403B290165A800E58E4B /* ChatListView.swift */; };
		A8724041290181BF00E58E4B /* LoginView.swift in Sources */ = {isa = PBXBuildFile; fileRef = A8724040290181BF00E58E4B /* LoginView.swift */; };
		A8724043290181D100E58E4B /* SignUpView.swift in Sources */ = {isa = PBXBuildFile; fileRef = A8724042290181D100E58E4B /* SignUpView.swift */; };
		A878E6EA29000F2C0038B9ED /* ContactsView.swift in Sources */ = {isa = PBXBuildFile; fileRef = A878E6E929000F2C0038B9ED /* ContactsView.swift */; };
		A878E6EC290012F60038B9ED /* ContactModel.swift in Sources */ = {isa = PBXBuildFile; fileRef = A878E6EB290012F60038B9ED /* ContactModel.swift */; };
		A878E6EE290018F60038B9ED /* ContactRowView.swift in Sources */ = {isa = PBXBuildFile; fileRef = A878E6ED290018F60038B9ED /* ContactRowView.swift */; };
		A882511828FEB429008C3407 /* SearchBarView.swift in Sources */ = {isa = PBXBuildFile; fileRef = A882511728FEB429008C3407 /* SearchBarView.swift */; };
		A882511A28FEB468008C3407 /* UIApplication.swift in Sources */ = {isa = PBXBuildFile; fileRef = A882511928FEB468008C3407 /* UIApplication.swift */; };
		A882511D28FEB837008C3407 /* SDWebImageSwiftUI in Frameworks */ = {isa = PBXBuildFile; productRef = A882511C28FEB837008C3407 /* SDWebImageSwiftUI */; };
		A882512028FEBB50008C3407 /* E_layout1.swift in Sources */ = {isa = PBXBuildFile; fileRef = A882511F28FEBB50008C3407 /* E_layout1.swift */; };
		A884DE232906B8820019DDA4 /* CreateProfile.swift in Sources */ = {isa = PBXBuildFile; fileRef = A884DE222906B8820019DDA4 /* CreateProfile.swift */; };
		A884DE252906B9D70019DDA4 /* ImagePicker.swift in Sources */ = {isa = PBXBuildFile; fileRef = A884DE242906B9D70019DDA4 /* ImagePicker.swift */; };
		A884DE282906BF4F0019DDA4 /* iPhoneNumberField in Frameworks */ = {isa = PBXBuildFile; productRef = A884DE272906BF4F0019DDA4 /* iPhoneNumberField */; };
		A893DB5D2903F63600266EE8 /* PostListView.swift in Sources */ = {isa = PBXBuildFile; fileRef = A893DB5C2903F63600266EE8 /* PostListView.swift */; };
		A893DB5F2903F64F00266EE8 /* PostItemView.swift in Sources */ = {isa = PBXBuildFile; fileRef = A893DB5E2903F64F00266EE8 /* PostItemView.swift */; };
		A893DB612903FBE500266EE8 /* PostCardModel.swift in Sources */ = {isa = PBXBuildFile; fileRef = A893DB602903FBE500266EE8 /* PostCardModel.swift */; };
		A89F001028FD84180070B280 /* ExploreViewDataService.swift in Sources */ = {isa = PBXBuildFile; fileRef = A89F000F28FD84180070B280 /* ExploreViewDataService.swift */; };
		A89F001228FD843E0070B280 /* ExploreCardModel.swift in Sources */ = {isa = PBXBuildFile; fileRef = A89F001128FD843E0070B280 /* ExploreCardModel.swift */; };
		A89F001528FD85650070B280 /* NetworkingManager.swift in Sources */ = {isa = PBXBuildFile; fileRef = A89F001428FD85650070B280 /* NetworkingManager.swift */; };
		A89F001928FD86F60070B280 /* ExploreView.swift in Sources */ = {isa = PBXBuildFile; fileRef = A89F001828FD86F60070B280 /* ExploreView.swift */; };
		A89F001B28FD87220070B280 /* ExploreViewImageService.swift in Sources */ = {isa = PBXBuildFile; fileRef = A89F001A28FD87220070B280 /* ExploreViewImageService.swift */; };
		A89F002028FD90680070B280 /* ExploreCardImageView.swift in Sources */ = {isa = PBXBuildFile; fileRef = A89F001F28FD90680070B280 /* ExploreCardImageView.swift */; };
		A89F002228FD90B50070B280 /* VM_ExploreView.swift in Sources */ = {isa = PBXBuildFile; fileRef = A89F002128FD90B40070B280 /* VM_ExploreView.swift */; };
		A89F002428FD92760070B280 /* VM_ExploreCardImageView.swift in Sources */ = {isa = PBXBuildFile; fileRef = A89F002328FD92760070B280 /* VM_ExploreCardImageView.swift */; };
		A89F002628FD93800070B280 /* PreviewProvider.swift in Sources */ = {isa = PBXBuildFile; fileRef = A89F002528FD93800070B280 /* PreviewProvider.swift */; };
		A89F002828FD98190070B280 /* UIImage.swift in Sources */ = {isa = PBXBuildFile; fileRef = A89F002728FD98190070B280 /* UIImage.swift */; };
		A8AD820E2900275300B1EB0F /* DirectChatView.swift in Sources */ = {isa = PBXBuildFile; fileRef = A8AD820D2900275300B1EB0F /* DirectChatView.swift */; };
		A8AD821029002B4000B1EB0F /* ChatModel.swift in Sources */ = {isa = PBXBuildFile; fileRef = A8AD820F29002B4000B1EB0F /* ChatModel.swift */; };
		A8AE6D462902B6E6000E16AC /* FirebaseAuth in Frameworks */ = {isa = PBXBuildFile; productRef = A8AE6D452902B6E6000E16AC /* FirebaseAuth */; };
		A8AE6D482902B6E6000E16AC /* FirebaseAuthCombine-Community in Frameworks */ = {isa = PBXBuildFile; productRef = A8AE6D472902B6E6000E16AC /* FirebaseAuthCombine-Community */; };
		A8AE6D4A2902B6E6000E16AC /* FirebaseStorage in Frameworks */ = {isa = PBXBuildFile; productRef = A8AE6D492902B6E6000E16AC /* FirebaseStorage */; };
		A8AE6D4C2902B778000E16AC /* VM_LoginSignup.swift in Sources */ = {isa = PBXBuildFile; fileRef = A8AE6D4B2902B778000E16AC /* VM_LoginSignup.swift */; };
		A8AE6D4E2902BA13000E16AC /* GoogleService-Info.plist in Resources */ = {isa = PBXBuildFile; fileRef = A8AE6D4D2902BA13000E16AC /* GoogleService-Info.plist */; };
		A8AE6D502902BE5C000E16AC /* RegisterUser.swift in Sources */ = {isa = PBXBuildFile; fileRef = A8AE6D4F2902BE5C000E16AC /* RegisterUser.swift */; };
		A8AE6D532902C15B000E16AC /* AppDelegate.swift in Sources */ = {isa = PBXBuildFile; fileRef = A8AE6D522902C15B000E16AC /* AppDelegate.swift */; };
		A8AE6D552902C2B9000E16AC /* FirebaseManager.swift in Sources */ = {isa = PBXBuildFile; fileRef = A8AE6D542902C2B9000E16AC /* FirebaseManager.swift */; };
		A8AE6D572902C6FC000E16AC /* AlertModel.swift in Sources */ = {isa = PBXBuildFile; fileRef = A8AE6D562902C6FC000E16AC /* AlertModel.swift */; };
		A8B9B56F290BE5AC00DCD70F /* PostCardView.swift in Sources */ = {isa = PBXBuildFile; fileRef = A8B9B56E290BE5AC00DCD70F /* PostCardView.swift */; };
		A8B9B571290BF9E700DCD70F /* GlobalDowload.swift in Sources */ = {isa = PBXBuildFile; fileRef = A8B9B570290BF9E700DCD70F /* GlobalDowload.swift */; };
		A8E3CEDA290021D700ECB2E8 /* VM_ContactsView.swift in Sources */ = {isa = PBXBuildFile; fileRef = A8E3CED9290021D700ECB2E8 /* VM_ContactsView.swift */; };
		A8EACF7929094A4C004F8C97 /* VM_ProfileView.swift in Sources */ = {isa = PBXBuildFile; fileRef = A8EACF7829094A4C004F8C97 /* VM_ProfileView.swift */; };
		A8FFEFDB290572AD007B5149 /* VM_ChatListView.swift in Sources */ = {isa = PBXBuildFile; fileRef = A8FFEFDA290572AD007B5149 /* VM_ChatListView.swift */; };
		A8FFEFE029057582007B5149 /* CreatePostView.swift in Sources */ = {isa = PBXBuildFile; fileRef = A8FFEFDF29057582007B5149 /* CreatePostView.swift */; };
		A8FFEFE229057CF3007B5149 /* View.swift in Sources */ = {isa = PBXBuildFile; fileRef = A8FFEFE129057CF3007B5149 /* View.swift */; };
		A8FFEFE429057D3F007B5149 /* RoundedCorner.swift in Sources */ = {isa = PBXBuildFile; fileRef = A8FFEFE329057D3F007B5149 /* RoundedCorner.swift */; };
/* End PBXBuildFile section */

/* Begin PBXFileReference section */
		A85FF4782907F50E00B7C938 /* Constants.swift */ = {isa = PBXFileReference; lastKnownFileType = sourcecode.swift; path = Constants.swift; sourceTree = "<group>"; };
		A85FF47A2908183C00B7C938 /* VM_CreateProfile.swift */ = {isa = PBXFileReference; lastKnownFileType = sourcecode.swift; path = VM_CreateProfile.swift; sourceTree = "<group>"; };
		A86311F228FD63A200CFA3EF /* SocialMedia.app */ = {isa = PBXFileReference; explicitFileType = wrapper.application; includeInIndex = 0; path = SocialMedia.app; sourceTree = BUILT_PRODUCTS_DIR; };
		A86311F528FD63A200CFA3EF /* SocialMediaApp.swift */ = {isa = PBXFileReference; lastKnownFileType = sourcecode.swift; path = SocialMediaApp.swift; sourceTree = "<group>"; };
		A86311F728FD63A200CFA3EF /* ContentView.swift */ = {isa = PBXFileReference; lastKnownFileType = sourcecode.swift; path = ContentView.swift; sourceTree = "<group>"; };
		A86311F928FD63A500CFA3EF /* Assets.xcassets */ = {isa = PBXFileReference; lastKnownFileType = folder.assetcatalog; path = Assets.xcassets; sourceTree = "<group>"; };
		A86311FC28FD63A500CFA3EF /* Preview Assets.xcassets */ = {isa = PBXFileReference; lastKnownFileType = folder.assetcatalog; path = "Preview Assets.xcassets"; sourceTree = "<group>"; };
		A863120A28FD664200CFA3EF /* ProfileView.swift */ = {isa = PBXFileReference; lastKnownFileType = sourcecode.swift; path = ProfileView.swift; sourceTree = "<group>"; };
		A86B722728FEC500000DF147 /* E_layout2.swift */ = {isa = PBXFileReference; lastKnownFileType = sourcecode.swift; path = E_layout2.swift; sourceTree = "<group>"; };
		A86B722928FEC7EF000DF147 /* E_layout3.swift */ = {isa = PBXFileReference; lastKnownFileType = sourcecode.swift; path = E_layout3.swift; sourceTree = "<group>"; };
		A86B722C28FEF0A0000DF147 /* ExploreImageContextModifier.swift */ = {isa = PBXFileReference; lastKnownFileType = sourcecode.swift; path = ExploreImageContextModifier.swift; sourceTree = "<group>"; };
		A8701CEE290ABAD100A45E40 /* PostModel.swift */ = {isa = PBXFileReference; lastKnownFileType = sourcecode.swift; path = PostModel.swift; sourceTree = "<group>"; };
		A8701CF0290ABF4200A45E40 /* VM_CreatePostView.swift */ = {isa = PBXFileReference; lastKnownFileType = sourcecode.swift; path = VM_CreatePostView.swift; sourceTree = "<group>"; };
		A8724034290152DC00E58E4B /* LaunchScreen.storyboard */ = {isa = PBXFileReference; lastKnownFileType = file.storyboard; path = LaunchScreen.storyboard; sourceTree = "<group>"; };
		A8724037290157A300E58E4B /* ContactProfileView.swift */ = {isa = PBXFileReference; lastKnownFileType = sourcecode.swift; path = ContactProfileView.swift; sourceTree = "<group>"; };
		A872403B290165A800E58E4B /* ChatListView.swift */ = {isa = PBXFileReference; lastKnownFileType = sourcecode.swift; path = ChatListView.swift; sourceTree = "<group>"; };
		A8724040290181BF00E58E4B /* LoginView.swift */ = {isa = PBXFileReference; lastKnownFileType = sourcecode.swift; path = LoginView.swift; sourceTree = "<group>"; };
		A8724042290181D100E58E4B /* SignUpView.swift */ = {isa = PBXFileReference; lastKnownFileType = sourcecode.swift; path = SignUpView.swift; sourceTree = "<group>"; };
		A878E6E929000F2C0038B9ED /* ContactsView.swift */ = {isa = PBXFileReference; lastKnownFileType = sourcecode.swift; path = ContactsView.swift; sourceTree = "<group>"; };
		A878E6EB290012F60038B9ED /* ContactModel.swift */ = {isa = PBXFileReference; lastKnownFileType = sourcecode.swift; path = ContactModel.swift; sourceTree = "<group>"; };
		A878E6ED290018F60038B9ED /* ContactRowView.swift */ = {isa = PBXFileReference; lastKnownFileType = sourcecode.swift; path = ContactRowView.swift; sourceTree = "<group>"; };
		A882511728FEB429008C3407 /* SearchBarView.swift */ = {isa = PBXFileReference; lastKnownFileType = sourcecode.swift; path = SearchBarView.swift; sourceTree = "<group>"; };
		A882511928FEB468008C3407 /* UIApplication.swift */ = {isa = PBXFileReference; lastKnownFileType = sourcecode.swift; path = UIApplication.swift; sourceTree = "<group>"; };
		A882511F28FEBB50008C3407 /* E_layout1.swift */ = {isa = PBXFileReference; lastKnownFileType = sourcecode.swift; path = E_layout1.swift; sourceTree = "<group>"; };
		A884DE222906B8820019DDA4 /* CreateProfile.swift */ = {isa = PBXFileReference; lastKnownFileType = sourcecode.swift; path = CreateProfile.swift; sourceTree = "<group>"; };
		A884DE242906B9D70019DDA4 /* ImagePicker.swift */ = {isa = PBXFileReference; lastKnownFileType = sourcecode.swift; path = ImagePicker.swift; sourceTree = "<group>"; };
		A893DB5C2903F63600266EE8 /* PostListView.swift */ = {isa = PBXFileReference; lastKnownFileType = sourcecode.swift; path = PostListView.swift; sourceTree = "<group>"; };
		A893DB5E2903F64F00266EE8 /* PostItemView.swift */ = {isa = PBXFileReference; lastKnownFileType = sourcecode.swift; path = PostItemView.swift; sourceTree = "<group>"; };
		A893DB602903FBE500266EE8 /* PostCardModel.swift */ = {isa = PBXFileReference; lastKnownFileType = sourcecode.swift; path = PostCardModel.swift; sourceTree = "<group>"; };
		A89F000F28FD84180070B280 /* ExploreViewDataService.swift */ = {isa = PBXFileReference; lastKnownFileType = sourcecode.swift; path = ExploreViewDataService.swift; sourceTree = "<group>"; };
		A89F001128FD843E0070B280 /* ExploreCardModel.swift */ = {isa = PBXFileReference; lastKnownFileType = sourcecode.swift; path = ExploreCardModel.swift; sourceTree = "<group>"; };
		A89F001428FD85650070B280 /* NetworkingManager.swift */ = {isa = PBXFileReference; lastKnownFileType = sourcecode.swift; path = NetworkingManager.swift; sourceTree = "<group>"; };
		A89F001828FD86F60070B280 /* ExploreView.swift */ = {isa = PBXFileReference; lastKnownFileType = sourcecode.swift; path = ExploreView.swift; sourceTree = "<group>"; };
		A89F001A28FD87220070B280 /* ExploreViewImageService.swift */ = {isa = PBXFileReference; lastKnownFileType = sourcecode.swift; path = ExploreViewImageService.swift; sourceTree = "<group>"; };
		A89F001F28FD90680070B280 /* ExploreCardImageView.swift */ = {isa = PBXFileReference; lastKnownFileType = sourcecode.swift; path = ExploreCardImageView.swift; sourceTree = "<group>"; };
		A89F002128FD90B40070B280 /* VM_ExploreView.swift */ = {isa = PBXFileReference; lastKnownFileType = sourcecode.swift; path = VM_ExploreView.swift; sourceTree = "<group>"; };
		A89F002328FD92760070B280 /* VM_ExploreCardImageView.swift */ = {isa = PBXFileReference; lastKnownFileType = sourcecode.swift; path = VM_ExploreCardImageView.swift; sourceTree = "<group>"; };
		A89F002528FD93800070B280 /* PreviewProvider.swift */ = {isa = PBXFileReference; lastKnownFileType = sourcecode.swift; path = PreviewProvider.swift; sourceTree = "<group>"; };
		A89F002728FD98190070B280 /* UIImage.swift */ = {isa = PBXFileReference; lastKnownFileType = sourcecode.swift; path = UIImage.swift; sourceTree = "<group>"; };
		A8AD820D2900275300B1EB0F /* DirectChatView.swift */ = {isa = PBXFileReference; lastKnownFileType = sourcecode.swift; path = DirectChatView.swift; sourceTree = "<group>"; };
		A8AD820F29002B4000B1EB0F /* ChatModel.swift */ = {isa = PBXFileReference; lastKnownFileType = sourcecode.swift; path = ChatModel.swift; sourceTree = "<group>"; };
		A8AE6D4B2902B778000E16AC /* VM_LoginSignup.swift */ = {isa = PBXFileReference; lastKnownFileType = sourcecode.swift; path = VM_LoginSignup.swift; sourceTree = "<group>"; };
		A8AE6D4D2902BA13000E16AC /* GoogleService-Info.plist */ = {isa = PBXFileReference; fileEncoding = 4; lastKnownFileType = text.plist.xml; path = "GoogleService-Info.plist"; sourceTree = "<group>"; };
		A8AE6D4F2902BE5C000E16AC /* RegisterUser.swift */ = {isa = PBXFileReference; lastKnownFileType = sourcecode.swift; path = RegisterUser.swift; sourceTree = "<group>"; };
		A8AE6D522902C15B000E16AC /* AppDelegate.swift */ = {isa = PBXFileReference; lastKnownFileType = sourcecode.swift; path = AppDelegate.swift; sourceTree = "<group>"; };
		A8AE6D542902C2B9000E16AC /* FirebaseManager.swift */ = {isa = PBXFileReference; lastKnownFileType = sourcecode.swift; path = FirebaseManager.swift; sourceTree = "<group>"; };
		A8AE6D562902C6FC000E16AC /* AlertModel.swift */ = {isa = PBXFileReference; lastKnownFileType = sourcecode.swift; path = AlertModel.swift; sourceTree = "<group>"; };
		A8B9B56E290BE5AC00DCD70F /* PostCardView.swift */ = {isa = PBXFileReference; lastKnownFileType = sourcecode.swift; path = PostCardView.swift; sourceTree = "<group>"; };
		A8B9B570290BF9E700DCD70F /* GlobalDowload.swift */ = {isa = PBXFileReference; lastKnownFileType = sourcecode.swift; path = GlobalDowload.swift; sourceTree = "<group>"; };
		A8E3CED9290021D700ECB2E8 /* VM_ContactsView.swift */ = {isa = PBXFileReference; lastKnownFileType = sourcecode.swift; path = VM_ContactsView.swift; sourceTree = "<group>"; };
		A8EACF7829094A4C004F8C97 /* VM_ProfileView.swift */ = {isa = PBXFileReference; lastKnownFileType = sourcecode.swift; path = VM_ProfileView.swift; sourceTree = "<group>"; };
		A8FFEFDA290572AD007B5149 /* VM_ChatListView.swift */ = {isa = PBXFileReference; lastKnownFileType = sourcecode.swift; path = VM_ChatListView.swift; sourceTree = "<group>"; };
		A8FFEFDF29057582007B5149 /* CreatePostView.swift */ = {isa = PBXFileReference; lastKnownFileType = sourcecode.swift; path = CreatePostView.swift; sourceTree = "<group>"; };
		A8FFEFE129057CF3007B5149 /* View.swift */ = {isa = PBXFileReference; lastKnownFileType = sourcecode.swift; path = View.swift; sourceTree = "<group>"; };
		A8FFEFE329057D3F007B5149 /* RoundedCorner.swift */ = {isa = PBXFileReference; lastKnownFileType = sourcecode.swift; path = RoundedCorner.swift; sourceTree = "<group>"; };
/* End PBXFileReference section */

/* Begin PBXFrameworksBuildPhase section */
		A86311EF28FD63A200CFA3EF /* Frameworks */ = {
			isa = PBXFrameworksBuildPhase;
			buildActionMask = 2147483647;
			files = (
				A882511D28FEB837008C3407 /* SDWebImageSwiftUI in Frameworks */,
				A8AE6D4A2902B6E6000E16AC /* FirebaseStorage in Frameworks */,
				A8AE6D482902B6E6000E16AC /* FirebaseAuthCombine-Community in Frameworks */,
				A884DE282906BF4F0019DDA4 /* iPhoneNumberField in Frameworks */,
				A8AE6D462902B6E6000E16AC /* FirebaseAuth in Frameworks */,
				A85FF4772907F1EE00B7C938 /* FirebaseFirestore in Frameworks */,
			);
			runOnlyForDeploymentPostprocessing = 0;
		};
/* End PBXFrameworksBuildPhase section */

/* Begin PBXGroup section */
		A85FF4752907F1EE00B7C938 /* Frameworks */ = {
			isa = PBXGroup;
			children = (
			);
			name = Frameworks;
			sourceTree = "<group>";
		};
		A86311E928FD63A200CFA3EF = {
			isa = PBXGroup;
			children = (
				A86311F428FD63A200CFA3EF /* SocialMedia */,
				A86311F328FD63A200CFA3EF /* Products */,
				A85FF4752907F1EE00B7C938 /* Frameworks */,
			);
			sourceTree = "<group>";
		};
		A86311F328FD63A200CFA3EF /* Products */ = {
			isa = PBXGroup;
			children = (
				A86311F228FD63A200CFA3EF /* SocialMedia.app */,
			);
			name = Products;
			sourceTree = "<group>";
		};
		A86311F428FD63A200CFA3EF /* SocialMedia */ = {
			isa = PBXGroup;
			children = (
				A8AE6D512902C127000E16AC /* Firebase */,
				A8AD820A2900272C00B1EB0F /* DirectChatView */,
				A86B722B28FEF089000DF147 /* Modifiers */,
				A89F001328FD854E0070B280 /* Utilities */,
				A89F000E28FD83E20070B280 /* Services */,
				A863120528FD63D400CFA3EF /* Models */,
				A863120428FD63C900CFA3EF /* Extensions */,
				A863120328FD63C000CFA3EF /* Core */,
				A86311F528FD63A200CFA3EF /* SocialMediaApp.swift */,
				A86311F728FD63A200CFA3EF /* ContentView.swift */,
				A86311F928FD63A500CFA3EF /* Assets.xcassets */,
				A8AE6D4D2902BA13000E16AC /* GoogleService-Info.plist */,
				A86311FB28FD63A500CFA3EF /* Preview Content */,
				A8724034290152DC00E58E4B /* LaunchScreen.storyboard */,
				A85FF4782907F50E00B7C938 /* Constants.swift */,
			);
			path = SocialMedia;
			sourceTree = "<group>";
		};
		A86311FB28FD63A500CFA3EF /* Preview Content */ = {
			isa = PBXGroup;
			children = (
				A86311FC28FD63A500CFA3EF /* Preview Assets.xcassets */,
			);
			path = "Preview Content";
			sourceTree = "<group>";
		};
		A863120328FD63C000CFA3EF /* Core */ = {
			isa = PBXGroup;
			children = (
				A8701CEB290ABAAC00A45E40 /* Home */,
				A8FFEFDC29057566007B5149 /* CreatePost */,
				A872403D290181A200E58E4B /* LoginPage */,
				A89F001C28FD88F00070B280 /* Components */,
				A863120928FD662900CFA3EF /* Contacts */,
				A863120828FD661F00CFA3EF /* Explore */,
				A863120728FD660A00CFA3EF /* Profile */,
				A863120628FD65FB00CFA3EF /* Chat */,
			);
			path = Core;
			sourceTree = "<group>";
		};
		A863120428FD63C900CFA3EF /* Extensions */ = {
			isa = PBXGroup;
			children = (
				A89F002528FD93800070B280 /* PreviewProvider.swift */,
				A89F002728FD98190070B280 /* UIImage.swift */,
				A882511928FEB468008C3407 /* UIApplication.swift */,
				A8FFEFE129057CF3007B5149 /* View.swift */,
			);
			path = Extensions;
			sourceTree = "<group>";
		};
		A863120528FD63D400CFA3EF /* Models */ = {
			isa = PBXGroup;
			children = (
				A89F001128FD843E0070B280 /* ExploreCardModel.swift */,
				A878E6EB290012F60038B9ED /* ContactModel.swift */,
				A8AD820F29002B4000B1EB0F /* ChatModel.swift */,
				A8AE6D562902C6FC000E16AC /* AlertModel.swift */,
				A893DB602903FBE500266EE8 /* PostCardModel.swift */,
				A8701CEE290ABAD100A45E40 /* PostModel.swift */,
			);
			path = Models;
			sourceTree = "<group>";
		};
		A863120628FD65FB00CFA3EF /* Chat */ = {
			isa = PBXGroup;
			children = (
				A872403A2901659700E58E4B /* ViewModel */,
				A87240392901659500E58E4B /* View */,
			);
			path = Chat;
			sourceTree = "<group>";
		};
		A863120728FD660A00CFA3EF /* Profile */ = {
			isa = PBXGroup;
			children = (
				A863120D28FD664D00CFA3EF /* ViewModel */,
				A863120C28FD664900CFA3EF /* View */,
			);
			path = Profile;
			sourceTree = "<group>";
		};
		A863120828FD661F00CFA3EF /* Explore */ = {
			isa = PBXGroup;
			children = (
				A89F001728FD86E80070B280 /* ViewModel */,
				A89F001628FD86E50070B280 /* View */,
			);
			path = Explore;
			sourceTree = "<group>";
		};
		A863120928FD662900CFA3EF /* Contacts */ = {
			isa = PBXGroup;
			children = (
				A8E3CED8290021CA00ECB2E8 /* ViewModel */,
				A8E3CED7290021C200ECB2E8 /* View */,
			);
			path = Contacts;
			sourceTree = "<group>";
		};
		A863120C28FD664900CFA3EF /* View */ = {
			isa = PBXGroup;
			children = (
				A863120A28FD664200CFA3EF /* ProfileView.swift */,
			);
			path = View;
			sourceTree = "<group>";
		};
		A863120D28FD664D00CFA3EF /* ViewModel */ = {
			isa = PBXGroup;
			children = (
				A8EACF7829094A4C004F8C97 /* VM_ProfileView.swift */,
			);
			path = ViewModel;
			sourceTree = "<group>";
		};
		A86B722B28FEF089000DF147 /* Modifiers */ = {
			isa = PBXGroup;
			children = (
				A86B722C28FEF0A0000DF147 /* ExploreImageContextModifier.swift */,
				A8FFEFE329057D3F007B5149 /* RoundedCorner.swift */,
			);
			path = Modifiers;
			sourceTree = "<group>";
		};
		A8701CEB290ABAAC00A45E40 /* Home */ = {
			isa = PBXGroup;
			children = (
				A8701CED290ABAB600A45E40 /* ViewModel */,
				A8701CEC290ABAB400A45E40 /* View */,
			);
			path = Home;
			sourceTree = "<group>";
		};
		A8701CEC290ABAB400A45E40 /* View */ = {
			isa = PBXGroup;
			children = (
			);
			path = View;
			sourceTree = "<group>";
		};
		A8701CED290ABAB600A45E40 /* ViewModel */ = {
			isa = PBXGroup;
			children = (
			);
			path = ViewModel;
			sourceTree = "<group>";
		};
		A87240392901659500E58E4B /* View */ = {
			isa = PBXGroup;
			children = (
				A872403B290165A800E58E4B /* ChatListView.swift */,
			);
			path = View;
			sourceTree = "<group>";
		};
		A872403A2901659700E58E4B /* ViewModel */ = {
			isa = PBXGroup;
			children = (
				A8FFEFDA290572AD007B5149 /* VM_ChatListView.swift */,
			);
			path = ViewModel;
			sourceTree = "<group>";
		};
		A872403D290181A200E58E4B /* LoginPage */ = {
			isa = PBXGroup;
			children = (
				A872403F290181AF00E58E4B /* ViewModel */,
				A872403E290181AC00E58E4B /* View */,
			);
			path = LoginPage;
			sourceTree = "<group>";
		};
		A872403E290181AC00E58E4B /* View */ = {
			isa = PBXGroup;
			children = (
				A8724040290181BF00E58E4B /* LoginView.swift */,
				A8724042290181D100E58E4B /* SignUpView.swift */,
				A8AE6D4F2902BE5C000E16AC /* RegisterUser.swift */,
				A884DE222906B8820019DDA4 /* CreateProfile.swift */,
			);
			path = View;
			sourceTree = "<group>";
		};
		A872403F290181AF00E58E4B /* ViewModel */ = {
			isa = PBXGroup;
			children = (
				A8AE6D4B2902B778000E16AC /* VM_LoginSignup.swift */,
				A85FF47A2908183C00B7C938 /* VM_CreateProfile.swift */,
			);
			path = ViewModel;
			sourceTree = "<group>";
		};
		A882511E28FEBB23008C3407 /* CompositionalGroups */ = {
			isa = PBXGroup;
			children = (
				A882511F28FEBB50008C3407 /* E_layout1.swift */,
				A86B722728FEC500000DF147 /* E_layout2.swift */,
				A86B722928FEC7EF000DF147 /* E_layout3.swift */,
			);
			path = CompositionalGroups;
			sourceTree = "<group>";
		};
		A89F000E28FD83E20070B280 /* Services */ = {
			isa = PBXGroup;
			children = (
				A89F000F28FD84180070B280 /* ExploreViewDataService.swift */,
				A89F001A28FD87220070B280 /* ExploreViewImageService.swift */,
				A8B9B570290BF9E700DCD70F /* GlobalDowload.swift */,
			);
			path = Services;
			sourceTree = "<group>";
		};
		A89F001328FD854E0070B280 /* Utilities */ = {
			isa = PBXGroup;
			children = (
				A89F001428FD85650070B280 /* NetworkingManager.swift */,
				A884DE242906B9D70019DDA4 /* ImagePicker.swift */,
			);
			path = Utilities;
			sourceTree = "<group>";
		};
		A89F001628FD86E50070B280 /* View */ = {
			isa = PBXGroup;
			children = (
				A882511E28FEBB23008C3407 /* CompositionalGroups */,
				A89F001828FD86F60070B280 /* ExploreView.swift */,
				A893DB5C2903F63600266EE8 /* PostListView.swift */,
				A893DB5E2903F64F00266EE8 /* PostItemView.swift */,
			);
			path = View;
			sourceTree = "<group>";
		};
		A89F001728FD86E80070B280 /* ViewModel */ = {
			isa = PBXGroup;
			children = (
				A89F002128FD90B40070B280 /* VM_ExploreView.swift */,
			);
			path = ViewModel;
			sourceTree = "<group>";
		};
		A89F001C28FD88F00070B280 /* Components */ = {
			isa = PBXGroup;
			children = (
				A89F001E28FD89050070B280 /* ViewModel */,
				A89F001D28FD89020070B280 /* View */,
			);
			path = Components;
			sourceTree = "<group>";
		};
		A89F001D28FD89020070B280 /* View */ = {
			isa = PBXGroup;
			children = (
				A89F001F28FD90680070B280 /* ExploreCardImageView.swift */,
				A882511728FEB429008C3407 /* SearchBarView.swift */,
			);
			path = View;
			sourceTree = "<group>";
		};
		A89F001E28FD89050070B280 /* ViewModel */ = {
			isa = PBXGroup;
			children = (
				A89F002328FD92760070B280 /* VM_ExploreCardImageView.swift */,
			);
			path = ViewModel;
			sourceTree = "<group>";
		};
		A8AD820A2900272C00B1EB0F /* DirectChatView */ = {
			isa = PBXGroup;
			children = (
				A8AD820C2900274200B1EB0F /* ViewModel */,
				A8AD820B2900274000B1EB0F /* View */,
			);
			path = DirectChatView;
			sourceTree = "<group>";
		};
		A8AD820B2900274000B1EB0F /* View */ = {
			isa = PBXGroup;
			children = (
				A8AD820D2900275300B1EB0F /* DirectChatView.swift */,
			);
			path = View;
			sourceTree = "<group>";
		};
		A8AD820C2900274200B1EB0F /* ViewModel */ = {
			isa = PBXGroup;
			children = (
			);
			path = ViewModel;
			sourceTree = "<group>";
		};
		A8AE6D512902C127000E16AC /* Firebase */ = {
			isa = PBXGroup;
			children = (
				A8AE6D522902C15B000E16AC /* AppDelegate.swift */,
				A8AE6D542902C2B9000E16AC /* FirebaseManager.swift */,
			);
			path = Firebase;
			sourceTree = "<group>";
		};
		A8E3CED7290021C200ECB2E8 /* View */ = {
			isa = PBXGroup;
			children = (
				A878E6E929000F2C0038B9ED /* ContactsView.swift */,
				A878E6ED290018F60038B9ED /* ContactRowView.swift */,
				A8724037290157A300E58E4B /* ContactProfileView.swift */,
			);
			path = View;
			sourceTree = "<group>";
		};
		A8E3CED8290021CA00ECB2E8 /* ViewModel */ = {
			isa = PBXGroup;
			children = (
				A8E3CED9290021D700ECB2E8 /* VM_ContactsView.swift */,
			);
			path = ViewModel;
			sourceTree = "<group>";
		};
		A8FFEFDC29057566007B5149 /* CreatePost */ = {
			isa = PBXGroup;
			children = (
				A8FFEFDE29057572007B5149 /* ViewModel */,
				A8FFEFDD29057570007B5149 /* View */,
			);
			path = CreatePost;
			sourceTree = "<group>";
		};
		A8FFEFDD29057570007B5149 /* View */ = {
			isa = PBXGroup;
			children = (
				A8FFEFDF29057582007B5149 /* CreatePostView.swift */,
				A8B9B56E290BE5AC00DCD70F /* PostCardView.swift */,
			);
			path = View;
			sourceTree = "<group>";
		};
		A8FFEFDE29057572007B5149 /* ViewModel */ = {
			isa = PBXGroup;
			children = (
				A8701CF0290ABF4200A45E40 /* VM_CreatePostView.swift */,
			);
			path = ViewModel;
			sourceTree = "<group>";
		};
/* End PBXGroup section */

/* Begin PBXNativeTarget section */
		A86311F128FD63A200CFA3EF /* SocialMedia */ = {
			isa = PBXNativeTarget;
			buildConfigurationList = A863120028FD63A500CFA3EF /* Build configuration list for PBXNativeTarget "SocialMedia" */;
			buildPhases = (
				A86311EE28FD63A200CFA3EF /* Sources */,
				A86311EF28FD63A200CFA3EF /* Frameworks */,
				A86311F028FD63A200CFA3EF /* Resources */,
			);
			buildRules = (
			);
			dependencies = (
			);
			name = SocialMedia;
			packageProductDependencies = (
				A882511C28FEB837008C3407 /* SDWebImageSwiftUI */,
				A8AE6D452902B6E6000E16AC /* FirebaseAuth */,
				A8AE6D472902B6E6000E16AC /* FirebaseAuthCombine-Community */,
				A8AE6D492902B6E6000E16AC /* FirebaseStorage */,
				A884DE272906BF4F0019DDA4 /* iPhoneNumberField */,
				A85FF4762907F1EE00B7C938 /* FirebaseFirestore */,
			);
			productName = SocialMedia;
			productReference = A86311F228FD63A200CFA3EF /* SocialMedia.app */;
			productType = "com.apple.product-type.application";
		};
/* End PBXNativeTarget section */

/* Begin PBXProject section */
		A86311EA28FD63A200CFA3EF /* Project object */ = {
			isa = PBXProject;
			attributes = {
				BuildIndependentTargetsInParallel = 1;
				LastSwiftUpdateCheck = 1400;
				LastUpgradeCheck = 1400;
				TargetAttributes = {
					A86311F128FD63A200CFA3EF = {
						CreatedOnToolsVersion = 14.0;
					};
				};
			};
			buildConfigurationList = A86311ED28FD63A200CFA3EF /* Build configuration list for PBXProject "SocialMedia" */;
			compatibilityVersion = "Xcode 14.0";
			developmentRegion = en;
			hasScannedForEncodings = 0;
			knownRegions = (
				en,
				Base,
			);
			mainGroup = A86311E928FD63A200CFA3EF;
			packageReferences = (
				A882511B28FEB837008C3407 /* XCRemoteSwiftPackageReference "SDWebImageSwiftUI" */,
				A8AE6D442902B6E6000E16AC /* XCRemoteSwiftPackageReference "firebase-ios-sdk" */,
				A884DE262906BF4F0019DDA4 /* XCRemoteSwiftPackageReference "iPhoneNumberField" */,
			);
			productRefGroup = A86311F328FD63A200CFA3EF /* Products */;
			projectDirPath = "";
			projectRoot = "";
			targets = (
				A86311F128FD63A200CFA3EF /* SocialMedia */,
			);
		};
/* End PBXProject section */

/* Begin PBXResourcesBuildPhase section */
		A86311F028FD63A200CFA3EF /* Resources */ = {
			isa = PBXResourcesBuildPhase;
			buildActionMask = 2147483647;
			files = (
				A8724035290152DC00E58E4B /* LaunchScreen.storyboard in Resources */,
				A86311FD28FD63A500CFA3EF /* Preview Assets.xcassets in Resources */,
				A86311FA28FD63A500CFA3EF /* Assets.xcassets in Resources */,
				A8AE6D4E2902BA13000E16AC /* GoogleService-Info.plist in Resources */,
			);
			runOnlyForDeploymentPostprocessing = 0;
		};
/* End PBXResourcesBuildPhase section */

/* Begin PBXSourcesBuildPhase section */
		A86311EE28FD63A200CFA3EF /* Sources */ = {
			isa = PBXSourcesBuildPhase;
			buildActionMask = 2147483647;
			files = (
				A89F001928FD86F60070B280 /* ExploreView.swift in Sources */,
				A89F002628FD93800070B280 /* PreviewProvider.swift in Sources */,
				A8FFEFE029057582007B5149 /* CreatePostView.swift in Sources */,
				A89F001028FD84180070B280 /* ExploreViewDataService.swift in Sources */,
				A878E6EA29000F2C0038B9ED /* ContactsView.swift in Sources */,
				A884DE232906B8820019DDA4 /* CreateProfile.swift in Sources */,
				A882511A28FEB468008C3407 /* UIApplication.swift in Sources */,
				A89F002028FD90680070B280 /* ExploreCardImageView.swift in Sources */,
				A86B722828FEC500000DF147 /* E_layout2.swift in Sources */,
				A8701CF1290ABF4200A45E40 /* VM_CreatePostView.swift in Sources */,
				A8FFEFDB290572AD007B5149 /* VM_ChatListView.swift in Sources */,
				A89F001228FD843E0070B280 /* ExploreCardModel.swift in Sources */,
				A8AE6D532902C15B000E16AC /* AppDelegate.swift in Sources */,
				A893DB612903FBE500266EE8 /* PostCardModel.swift in Sources */,
				A86311F828FD63A200CFA3EF /* ContentView.swift in Sources */,
				A89F001528FD85650070B280 /* NetworkingManager.swift in Sources */,
				A863120B28FD664200CFA3EF /* ProfileView.swift in Sources */,
				A8AE6D572902C6FC000E16AC /* AlertModel.swift in Sources */,
				A878E6EC290012F60038B9ED /* ContactModel.swift in Sources */,
				A89F001B28FD87220070B280 /* ExploreViewImageService.swift in Sources */,
				A8FFEFE429057D3F007B5149 /* RoundedCorner.swift in Sources */,
				A86311F628FD63A200CFA3EF /* SocialMediaApp.swift in Sources */,
				A8AE6D552902C2B9000E16AC /* FirebaseManager.swift in Sources */,
				A86B722D28FEF0A0000DF147 /* ExploreImageContextModifier.swift in Sources */,
				A85FF4792907F50E00B7C938 /* Constants.swift in Sources */,
				A8AD821029002B4000B1EB0F /* ChatModel.swift in Sources */,
				A8AE6D502902BE5C000E16AC /* RegisterUser.swift in Sources */,
				A8E3CEDA290021D700ECB2E8 /* VM_ContactsView.swift in Sources */,
				A8724038290157A300E58E4B /* ContactProfileView.swift in Sources */,
				A882511828FEB429008C3407 /* SearchBarView.swift in Sources */,
				A878E6EE290018F60038B9ED /* ContactRowView.swift in Sources */,
				A89F002428FD92760070B280 /* VM_ExploreCardImageView.swift in Sources */,
				A884DE252906B9D70019DDA4 /* ImagePicker.swift in Sources */,
				A8B9B56F290BE5AC00DCD70F /* PostCardView.swift in Sources */,
				A8701CEF290ABAD100A45E40 /* PostModel.swift in Sources */,
				A893DB5F2903F64F00266EE8 /* PostItemView.swift in Sources */,
				A85FF47B2908183C00B7C938 /* VM_CreateProfile.swift in Sources */,
				A882512028FEBB50008C3407 /* E_layout1.swift in Sources */,
				A8EACF7929094A4C004F8C97 /* VM_ProfileView.swift in Sources */,
				A8724041290181BF00E58E4B /* LoginView.swift in Sources */,
				A872403C290165A800E58E4B /* ChatListView.swift in Sources */,
				A8FFEFE229057CF3007B5149 /* View.swift in Sources */,
				A89F002828FD98190070B280 /* UIImage.swift in Sources */,
				A8AD820E2900275300B1EB0F /* DirectChatView.swift in Sources */,
				A8724043290181D100E58E4B /* SignUpView.swift in Sources */,
				A89F002228FD90B50070B280 /* VM_ExploreView.swift in Sources */,
				A8AE6D4C2902B778000E16AC /* VM_LoginSignup.swift in Sources */,
				A86B722A28FEC7EF000DF147 /* E_layout3.swift in Sources */,
				A893DB5D2903F63600266EE8 /* PostListView.swift in Sources */,
				A8B9B571290BF9E700DCD70F /* GlobalDowload.swift in Sources */,
			);
			runOnlyForDeploymentPostprocessing = 0;
		};
/* End PBXSourcesBuildPhase section */

/* Begin XCBuildConfiguration section */
		A86311FE28FD63A500CFA3EF /* Debug */ = {
			isa = XCBuildConfiguration;
			buildSettings = {
				ALWAYS_SEARCH_USER_PATHS = NO;
				CLANG_ANALYZER_NONNULL = YES;
				CLANG_ANALYZER_NUMBER_OBJECT_CONVERSION = YES_AGGRESSIVE;
				CLANG_CXX_LANGUAGE_STANDARD = "gnu++20";
				CLANG_ENABLE_MODULES = YES;
				CLANG_ENABLE_OBJC_ARC = YES;
				CLANG_ENABLE_OBJC_WEAK = YES;
				CLANG_WARN_BLOCK_CAPTURE_AUTORELEASING = YES;
				CLANG_WARN_BOOL_CONVERSION = YES;
				CLANG_WARN_COMMA = YES;
				CLANG_WARN_CONSTANT_CONVERSION = YES;
				CLANG_WARN_DEPRECATED_OBJC_IMPLEMENTATIONS = YES;
				CLANG_WARN_DIRECT_OBJC_ISA_USAGE = YES_ERROR;
				CLANG_WARN_DOCUMENTATION_COMMENTS = YES;
				CLANG_WARN_EMPTY_BODY = YES;
				CLANG_WARN_ENUM_CONVERSION = YES;
				CLANG_WARN_INFINITE_RECURSION = YES;
				CLANG_WARN_INT_CONVERSION = YES;
				CLANG_WARN_NON_LITERAL_NULL_CONVERSION = YES;
				CLANG_WARN_OBJC_IMPLICIT_RETAIN_SELF = YES;
				CLANG_WARN_OBJC_LITERAL_CONVERSION = YES;
				CLANG_WARN_OBJC_ROOT_CLASS = YES_ERROR;
				CLANG_WARN_QUOTED_INCLUDE_IN_FRAMEWORK_HEADER = YES;
				CLANG_WARN_RANGE_LOOP_ANALYSIS = YES;
				CLANG_WARN_STRICT_PROTOTYPES = YES;
				CLANG_WARN_SUSPICIOUS_MOVE = YES;
				CLANG_WARN_UNGUARDED_AVAILABILITY = YES_AGGRESSIVE;
				CLANG_WARN_UNREACHABLE_CODE = YES;
				CLANG_WARN__DUPLICATE_METHOD_MATCH = YES;
				COPY_PHASE_STRIP = NO;
				DEBUG_INFORMATION_FORMAT = dwarf;
				ENABLE_STRICT_OBJC_MSGSEND = YES;
				ENABLE_TESTABILITY = YES;
				GCC_C_LANGUAGE_STANDARD = gnu11;
				GCC_DYNAMIC_NO_PIC = NO;
				GCC_NO_COMMON_BLOCKS = YES;
				GCC_OPTIMIZATION_LEVEL = 0;
				GCC_PREPROCESSOR_DEFINITIONS = (
					"DEBUG=1",
					"$(inherited)",
				);
				GCC_WARN_64_TO_32_BIT_CONVERSION = YES;
				GCC_WARN_ABOUT_RETURN_TYPE = YES_ERROR;
				GCC_WARN_UNDECLARED_SELECTOR = YES;
				GCC_WARN_UNINITIALIZED_AUTOS = YES_AGGRESSIVE;
				GCC_WARN_UNUSED_FUNCTION = YES;
				GCC_WARN_UNUSED_VARIABLE = YES;
				IPHONEOS_DEPLOYMENT_TARGET = 16.0;
				MTL_ENABLE_DEBUG_INFO = INCLUDE_SOURCE;
				MTL_FAST_MATH = YES;
				ONLY_ACTIVE_ARCH = YES;
				SDKROOT = iphoneos;
				SWIFT_ACTIVE_COMPILATION_CONDITIONS = DEBUG;
				SWIFT_OPTIMIZATION_LEVEL = "-Onone";
			};
			name = Debug;
		};
		A86311FF28FD63A500CFA3EF /* Release */ = {
			isa = XCBuildConfiguration;
			buildSettings = {
				ALWAYS_SEARCH_USER_PATHS = NO;
				CLANG_ANALYZER_NONNULL = YES;
				CLANG_ANALYZER_NUMBER_OBJECT_CONVERSION = YES_AGGRESSIVE;
				CLANG_CXX_LANGUAGE_STANDARD = "gnu++20";
				CLANG_ENABLE_MODULES = YES;
				CLANG_ENABLE_OBJC_ARC = YES;
				CLANG_ENABLE_OBJC_WEAK = YES;
				CLANG_WARN_BLOCK_CAPTURE_AUTORELEASING = YES;
				CLANG_WARN_BOOL_CONVERSION = YES;
				CLANG_WARN_COMMA = YES;
				CLANG_WARN_CONSTANT_CONVERSION = YES;
				CLANG_WARN_DEPRECATED_OBJC_IMPLEMENTATIONS = YES;
				CLANG_WARN_DIRECT_OBJC_ISA_USAGE = YES_ERROR;
				CLANG_WARN_DOCUMENTATION_COMMENTS = YES;
				CLANG_WARN_EMPTY_BODY = YES;
				CLANG_WARN_ENUM_CONVERSION = YES;
				CLANG_WARN_INFINITE_RECURSION = YES;
				CLANG_WARN_INT_CONVERSION = YES;
				CLANG_WARN_NON_LITERAL_NULL_CONVERSION = YES;
				CLANG_WARN_OBJC_IMPLICIT_RETAIN_SELF = YES;
				CLANG_WARN_OBJC_LITERAL_CONVERSION = YES;
				CLANG_WARN_OBJC_ROOT_CLASS = YES_ERROR;
				CLANG_WARN_QUOTED_INCLUDE_IN_FRAMEWORK_HEADER = YES;
				CLANG_WARN_RANGE_LOOP_ANALYSIS = YES;
				CLANG_WARN_STRICT_PROTOTYPES = YES;
				CLANG_WARN_SUSPICIOUS_MOVE = YES;
				CLANG_WARN_UNGUARDED_AVAILABILITY = YES_AGGRESSIVE;
				CLANG_WARN_UNREACHABLE_CODE = YES;
				CLANG_WARN__DUPLICATE_METHOD_MATCH = YES;
				COPY_PHASE_STRIP = NO;
				DEBUG_INFORMATION_FORMAT = "dwarf-with-dsym";
				ENABLE_NS_ASSERTIONS = NO;
				ENABLE_STRICT_OBJC_MSGSEND = YES;
				GCC_C_LANGUAGE_STANDARD = gnu11;
				GCC_NO_COMMON_BLOCKS = YES;
				GCC_WARN_64_TO_32_BIT_CONVERSION = YES;
				GCC_WARN_ABOUT_RETURN_TYPE = YES_ERROR;
				GCC_WARN_UNDECLARED_SELECTOR = YES;
				GCC_WARN_UNINITIALIZED_AUTOS = YES_AGGRESSIVE;
				GCC_WARN_UNUSED_FUNCTION = YES;
				GCC_WARN_UNUSED_VARIABLE = YES;
				IPHONEOS_DEPLOYMENT_TARGET = 16.0;
				MTL_ENABLE_DEBUG_INFO = NO;
				MTL_FAST_MATH = YES;
				SDKROOT = iphoneos;
				SWIFT_COMPILATION_MODE = wholemodule;
				SWIFT_OPTIMIZATION_LEVEL = "-O";
				VALIDATE_PRODUCT = YES;
			};
			name = Release;
		};
		A863120128FD63A500CFA3EF /* Debug */ = {
			isa = XCBuildConfiguration;
			buildSettings = {
				ASSETCATALOG_COMPILER_APPICON_NAME = AppIcon;
				ASSETCATALOG_COMPILER_GLOBAL_ACCENT_COLOR_NAME = AccentColor;
				CODE_SIGN_STYLE = Automatic;
				CURRENT_PROJECT_VERSION = 1;
				DEVELOPMENT_ASSET_PATHS = "\"SocialMedia/Preview Content\"";
				DEVELOPMENT_TEAM = A8UD4U7C7A;
				ENABLE_PREVIEWS = YES;
				GENERATE_INFOPLIST_FILE = YES;
				INFOPLIST_KEY_UIApplicationSceneManifest_Generation = YES;
				INFOPLIST_KEY_UIApplicationSupportsIndirectInputEvents = YES;
				INFOPLIST_KEY_UILaunchScreen_Generation = YES;
				INFOPLIST_KEY_UILaunchStoryboardName = LaunchScreen.storyboard;
				INFOPLIST_KEY_UISupportedInterfaceOrientations = UIInterfaceOrientationPortrait;
				INFOPLIST_KEY_UIUserInterfaceStyle = Light;
				LD_RUNPATH_SEARCH_PATHS = (
					"$(inherited)",
					"@executable_path/Frameworks",
				);
				MARKETING_VERSION = 1.0;
				PRODUCT_BUNDLE_IDENTIFIER = bellicreative.com.SocialMedia342524224242;
				PRODUCT_NAME = "$(TARGET_NAME)";
				SWIFT_EMIT_LOC_STRINGS = YES;
				SWIFT_VERSION = 5.0;
				TARGETED_DEVICE_FAMILY = "1,2";
			};
			name = Debug;
		};
		A863120228FD63A500CFA3EF /* Release */ = {
			isa = XCBuildConfiguration;
			buildSettings = {
				ASSETCATALOG_COMPILER_APPICON_NAME = AppIcon;
				ASSETCATALOG_COMPILER_GLOBAL_ACCENT_COLOR_NAME = AccentColor;
				CODE_SIGN_STYLE = Automatic;
				CURRENT_PROJECT_VERSION = 1;
				DEVELOPMENT_ASSET_PATHS = "\"SocialMedia/Preview Content\"";
				DEVELOPMENT_TEAM = A8UD4U7C7A;
				ENABLE_PREVIEWS = YES;
				GENERATE_INFOPLIST_FILE = YES;
				INFOPLIST_KEY_UIApplicationSceneManifest_Generation = YES;
				INFOPLIST_KEY_UIApplicationSupportsIndirectInputEvents = YES;
				INFOPLIST_KEY_UILaunchScreen_Generation = YES;
				INFOPLIST_KEY_UILaunchStoryboardName = LaunchScreen.storyboard;
				INFOPLIST_KEY_UISupportedInterfaceOrientations = UIInterfaceOrientationPortrait;
				INFOPLIST_KEY_UIUserInterfaceStyle = Light;
				LD_RUNPATH_SEARCH_PATHS = (
					"$(inherited)",
					"@executable_path/Frameworks",
				);
				MARKETING_VERSION = 1.0;
				PRODUCT_BUNDLE_IDENTIFIER = bellicreative.com.SocialMedia342524224242;
				PRODUCT_NAME = "$(TARGET_NAME)";
				SWIFT_EMIT_LOC_STRINGS = YES;
				SWIFT_VERSION = 5.0;
				TARGETED_DEVICE_FAMILY = "1,2";
			};
			name = Release;
		};
/* End XCBuildConfiguration section */

/* Begin XCConfigurationList section */
		A86311ED28FD63A200CFA3EF /* Build configuration list for PBXProject "SocialMedia" */ = {
			isa = XCConfigurationList;
			buildConfigurations = (
				A86311FE28FD63A500CFA3EF /* Debug */,
				A86311FF28FD63A500CFA3EF /* Release */,
			);
			defaultConfigurationIsVisible = 0;
			defaultConfigurationName = Release;
		};
		A863120028FD63A500CFA3EF /* Build configuration list for PBXNativeTarget "SocialMedia" */ = {
			isa = XCConfigurationList;
			buildConfigurations = (
				A863120128FD63A500CFA3EF /* Debug */,
				A863120228FD63A500CFA3EF /* Release */,
			);
			defaultConfigurationIsVisible = 0;
			defaultConfigurationName = Release;
		};
/* End XCConfigurationList section */

/* Begin XCRemoteSwiftPackageReference section */
		A882511B28FEB837008C3407 /* XCRemoteSwiftPackageReference "SDWebImageSwiftUI" */ = {
			isa = XCRemoteSwiftPackageReference;
			repositoryURL = "https://github.com/SDWebImage/SDWebImageSwiftUI";
			requirement = {
				kind = upToNextMajorVersion;
				minimumVersion = 2.0.0;
			};
		};
		A884DE262906BF4F0019DDA4 /* XCRemoteSwiftPackageReference "iPhoneNumberField" */ = {
			isa = XCRemoteSwiftPackageReference;
			repositoryURL = "https://github.com/MojtabaHs/iPhoneNumberField";
			requirement = {
				branch = main;
				kind = branch;
			};
		};
		A8AE6D442902B6E6000E16AC /* XCRemoteSwiftPackageReference "firebase-ios-sdk" */ = {
			isa = XCRemoteSwiftPackageReference;
			repositoryURL = "https://github.com/firebase/firebase-ios-sdk.git";
			requirement = {
				kind = upToNextMajorVersion;
				minimumVersion = 9.0.0;
			};
		};
/* End XCRemoteSwiftPackageReference section */

/* Begin XCSwiftPackageProductDependency section */
		A85FF4762907F1EE00B7C938 /* FirebaseFirestore */ = {
			isa = XCSwiftPackageProductDependency;
			package = A8AE6D442902B6E6000E16AC /* XCRemoteSwiftPackageReference "firebase-ios-sdk" */;
			productName = FirebaseFirestore;
		};
		A882511C28FEB837008C3407 /* SDWebImageSwiftUI */ = {
			isa = XCSwiftPackageProductDependency;
			package = A882511B28FEB837008C3407 /* XCRemoteSwiftPackageReference "SDWebImageSwiftUI" */;
			productName = SDWebImageSwiftUI;
		};
		A884DE272906BF4F0019DDA4 /* iPhoneNumberField */ = {
			isa = XCSwiftPackageProductDependency;
			package = A884DE262906BF4F0019DDA4 /* XCRemoteSwiftPackageReference "iPhoneNumberField" */;
			productName = iPhoneNumberField;
		};
		A8AE6D452902B6E6000E16AC /* FirebaseAuth */ = {
			isa = XCSwiftPackageProductDependency;
			package = A8AE6D442902B6E6000E16AC /* XCRemoteSwiftPackageReference "firebase-ios-sdk" */;
			productName = FirebaseAuth;
		};
		A8AE6D472902B6E6000E16AC /* FirebaseAuthCombine-Community */ = {
			isa = XCSwiftPackageProductDependency;
			package = A8AE6D442902B6E6000E16AC /* XCRemoteSwiftPackageReference "firebase-ios-sdk" */;
			productName = "FirebaseAuthCombine-Community";
		};
		A8AE6D492902B6E6000E16AC /* FirebaseStorage */ = {
			isa = XCSwiftPackageProductDependency;
			package = A8AE6D442902B6E6000E16AC /* XCRemoteSwiftPackageReference "firebase-ios-sdk" */;
			productName = FirebaseStorage;
		};
/* End XCSwiftPackageProductDependency section */
	};
	rootObject = A86311EA28FD63A200CFA3EF /* Project object */;
}
